# This file is automatically @generated by Cargo.
# It is not intended for manual editing.
version = 3

[[package]]
name = "cortex-m-asm"
version = "0.1.0"
dependencies = [
 "nightly-crimes",
]

[[package]]
name = "nightly-crimes"
version = "1.0.2"
source = "registry+https://github.com/rust-lang/crates.io-index"
checksum = "05b7bb96cf9476b5d556f57f826bdcd700512d261d871dd83ec95417bde4d2e3"
dependencies = [
 "yolo-rustc-bootstrap",
]

[[package]]
name = "yolo-rustc-bootstrap"
version = "1.0.2"
source = "registry+https://github.com/rust-lang/crates.io-index"
checksum = "769d61742f25c071b9095c2319e33ca8b9f4493e005b7417cdada58d8baea434"
